
Microsoft Visual Studio Solution File, Format Version 12.00
# Visual Studio 15
VisualStudioVersion = 15.0.27130.2010
MinimumVisualStudioVersion = 10.0.40219.1
Project("{FAE04EC0-301F-11D3-BF4B-00C04F79EFBC}") = "DrawingApp", "DrawingApp.csproj", "{08CF0051-A1BD-4DD6-B39F-F02819CF003B}"
EndProject
Global
	GlobalSection(SolutionConfigurationPlatforms) = preSolution
		Debug|Any CPU = Debug|Any CPU
		Release|Any CPU = Release|Any CPU
	EndGlobalSection
	GlobalSection(ProjectConfigurationPlatforms) = postSolution
		{08CF0051-A1BD-4DD6-B39F-F02819CF003B}.Debug|Any CPU.ActiveCfg = Debug|Any CPU
		{08CF0051-A1BD-4DD6-B39F-F02819CF003B}.Debug|Any CPU.Build.0 = Debug|Any CPU
		{08CF0051-A1BD-4DD6-B39F-F02819CF003B}.Release|Any CPU.ActiveCfg = Release|Any CPU
		{08CF0051-A1BD-4DD6-B39F-F02819CF003B}.Release|Any CPU.Build.0 = Release|Any CPU
	EndGlobalSection
	GlobalSection(SolutionProperties) = preSolution
		HideSolutionNode = FALSE
	EndGlobalSection
	GlobalSection(ExtensibilityGlobals) = postSolution
		SolutionGuid = {3041001D-C6E1-444A-B0E0-A934B4F2831A}
	EndGlobalSection
EndGlobal
